lockfileVersion: '9.0'

settings:
  autoInstallPeers: true
  excludeLinksFromLockfile: false

importers:

  .:
    dependencies:
      '@jsquash/webp':
        specifier: ^1.5.0
        version: 1.5.0
      '@resvg/resvg-wasm':
        specifier: ^2.6.2
        version: 2.6.2
      dejavu-fonts-ttf:
        specifier: ^2.37.3
        version: 2.37.3

packages:

  '@jsquash/webp@1.5.0':
    resolution: {integrity: sha512-KggLoj2MnRSfIqTeKe1EmbljTX2vuV7mh79k89PCL1pyqiDULcPM1L47twxXt0hkb68F70bXiL31MxsuoZtKFw==}

  '@resvg/resvg-wasm@2.6.2':
    resolution: {integrity: sha512-FqALmHI8D4o6lk/LRWDnhw95z5eO+eAa6ORjVg09YRR7BkcM6oPHU9uyC0gtQG5vpFLvgpeU4+zEAz2H8APHNw==}
    engines: {node: '>= 10'}

  dejavu-fonts-ttf@2.37.3:
    resolution: {integrity: sha512-f1hd7jJbeQa1VWcw+K2KrTXS50zTMaHpVC4XIKJpNcDeYR5ajMtj/iLlQDYNvLOKamUB3ARVVCf79lNwNVztSQ==}

  wasm-feature-detect@1.8.0:
    resolution: {integrity: sha512-zksaLKM2fVlnB5jQQDqKXXwYHLQUVH9es+5TOOHwGOVJOCeRBCiPjwSg+3tN2AdTCzjgli4jijCH290kXb/zWQ==}

snapshots:

  '@jsquash/webp@1.5.0':
    dependencies:
      wasm-feature-detect: 1.8.0

  '@resvg/resvg-wasm@2.6.2': {}

  dejavu-fonts-ttf@2.37.3: {}

  wasm-feature-detect@1.8.0: {}
